# This file was autogenerated by uv via the following command:
#    uv pip compile requirements.txt -o requirements.lock --python-version 3.14
aiohappyeyeballs==2.7.1
    # via aiohttp
aiohttp==3.14.3
    # via fsspec
aiosignal==1.4.0
    # via aiohttp
annotated-doc==0.0.5
    # via fastapi
annotated-types==0.8.0
    # via pydantic
anthropic==1.7.0
    # via -r requirements.txt
anyio==4.15.1
    # via
    #   anthropic
    #   httpx
    #   httpx2
    #   openai
    #   starlette
    #   watchfiles
attrs==26.1.0
    # via
    #   aiohttp
    #   jsonschema
    #   referencing
certifi==2026.7.22
    # via
    #   httpcore
    #   httpx
    #   requests
charset-normalizer==3.5.1
    # via requests
click==8.5.0
    # via
    #   huggingface-hub
    #   uvicorn
cloudpickle==3.1.2
    # via joblib
contourpy==1.4.0
    # via matplotlib
cycler==0.12.1
    # via matplotlib
datasets==5.0.1
    # via -r requirements.txt
dill==0.4.1
    # via
    #   datasets
    #   multiprocess
docstring-parser==0.18.0
    # via anthropic
fastapi==0.141.1
    # via -r requirements.txt
filelock==4.0.1
    # via
    #   datasets
    #   huggingface-hub
fonttools==4.65.0
    # via matplotlib
frozenlist==1.8.0
    # via
    #   aiohttp
    #   aiosignal
fsspec==2026.6.0
    # via
    #   datasets
    #   huggingface-hub
greenlet==3.5.6
    # via sqlalchemy
h11==0.16.0
    # via
    #   httpcore
    #   httpcore2
    #   uvicorn
hf-xet==1.6.0
    # via huggingface-hub
httpcore==1.0.9
    # via httpx
httpcore2==2.13.0
    # via httpx2
httptools==0.8.0
    # via uvicorn
httpx==0.28.1
    # via
    #   -r requirements.txt
    #   datasets
    #   huggingface-hub
httpx2==2.13.0
    # via
    #   anthropic
    #   openai
huggingface-hub==1.32.0
    # via datasets
idna==3.20
    # via
    #   anyio
    #   httpx
    #   httpx2
    #   requests
    #   yarl
jinja2==3.1.6
    # via -r requirements.txt
jiter==0.17.0
    # via
    #   anthropic
    #   openai
joblib==1.6.0
    # via scikit-learn
jsonschema==4.26.0
    # via -r requirements.txt
jsonschema-specifications==2025.9.1
    # via jsonschema
kiwisolver==1.5.1
    # via matplotlib
markupsafe==3.0.3
    # via jinja2
matplotlib==3.11.2
    # via
    #   -r requirements.txt
    #   seaborn
multidict==6.9.0
    # via
    #   aiohttp
    #   yarl
multiprocess==0.70.19
    # via datasets
narwhals==2.26.0
    # via
    #   plotly
    #   scikit-learn
numpy==2.5.3
    # via
    #   -r requirements.txt
    #   contourpy
    #   datasets
    #   matplotlib
    #   pandas
    #   scikit-learn
    #   scipy
    #   seaborn
openai==3.16.2
    # via -r requirements.txt
packaging==26.3
    # via
    #   datasets
    #   huggingface-hub
    #   matplotlib
    #   plotly
pandas==3.0.6
    # via
    #   -r requirements.txt
    #   datasets
    #   seaborn
pillow==12.3.0
    # via matplotlib
plotly==7.1.0
    # via -r requirements.txt
propcache==0.5.4
    # via
    #   aiohttp
    #   yarl
pyarrow==25.0.1
    # via datasets
pydantic==2.13.5
    # via
    #   -r requirements.txt
    #   anthropic
    #   fastapi
    #   openai
    #   pydantic-settings
pydantic-core==2.46.5
    # via pydantic
pydantic-settings==2.15.0
    # via -r requirements.txt
pyparsing==3.3.3
    # via matplotlib
python-dateutil==2.9.0.post0
    # via
    #   matplotlib
    #   pandas
python-dotenv==1.2.3
    # via
    #   -r requirements.txt
    #   pydantic-settings
    #   uvicorn
pyyaml==6.0.3
    # via
    #   -r requirements.txt
    #   datasets
    #   huggingface-hub
    #   uvicorn
referencing==0.37.0
    # via
    #   jsonschema
    #   jsonschema-specifications
regex==2026.9.10
    # via tiktoken
requests==2.34.2
    # via
    #   -r requirements.txt
    #   datasets
    #   tiktoken
rpds-py==2026.6.3
    # via
    #   jsonschema
    #   referencing
scikit-learn==1.9.1
    # via -r requirements.txt
scipy==1.18.1
    # via
    #   -r requirements.txt
    #   scikit-learn
seaborn==0.13.2
    # via -r requirements.txt
six==1.17.0
    # via python-dateutil
sniffio==1.3.1
    # via
    #   anthropic
    #   openai
sqlalchemy==2.0.54
    # via -r requirements.txt
starlette==1.6.0
    # via fastapi
tenacity==9.1.4
    # via -r requirements.txt
threadpoolctl==3.7.0
    # via scikit-learn
tiktoken==0.14.0
    # via -r requirements.txt
tqdm==4.70.1
    # via
    #   -r requirements.txt
    #   datasets
    #   huggingface-hub
truststore==0.10.4
    # via
    #   httpcore2
    #   httpx2
typing-extensions==4.16.0
    # via
    #   anthropic
    #   anyio
    #   fastapi
    #   huggingface-hub
    #   openai
    #   pydantic
    #   pydantic-core
    #   sqlalchemy
    #   typing-inspection
typing-inspection==0.4.4
    # via
    #   fastapi
    #   pydantic
    #   pydantic-settings
urllib3==2.8.0
    # via requests
uvicorn==0.53.0
    # via -r requirements.txt
uvloop==0.22.1
    # via uvicorn
watchfiles==1.3.0
    # via uvicorn
websockets==17.1
    # via
    #   -r requirements.txt
    #   uvicorn
xxhash==4.0.1
    # via datasets
yarl==1.25.1
    # via aiohttp
